
Microsoft Visual Studio Solution File, Format Version 12.00
# Visual Studio Version 17
VisualStudioVersion = 17.6.33829.357
MinimumVisualStudioVersion = 10.0.40219.1
Project("{FAE04EC0-301F-11D3-BF4B-00C04F79EFBC}") = "ShopNow", "ShopNow\ShopNow.csproj", "{94A70AE8-48FC-41F4-9434-A9D1F2F02797}"
EndProject
Project("{FAE04EC0-301F-11D3-BF4B-00C04F79EFBC}") = "ShopNow.Domain", "ShopNow.Domain\ShopNow.Domain.csproj", "{1B67E9D4-FC5B-4D04-BA6B-0318033CE34B}"
EndProject
Project("{FAE04EC0-301F-11D3-BF4B-00C04F79EFBC}") = "ShopNow.Infra", "ShopNow.Infra\ShopNow.Infra.csproj", "{643A0FEF-441E-45D7-ACC6-726D08C8617E}"
EndProject
Project("{FAE04EC0-301F-11D3-BF4B-00C04F79EFBC}") = "ShopNow.IntegrationTests", "ShopNow.IntegrationTests\ShopNow.IntegrationTests.csproj", "{FB7996C1-A833-4BE7-87F9-00B5A9E85439}"
EndProject
Project("{FAE04EC0-301F-11D3-BF4B-00C04F79EFBC}") = "ShopNow.UnitTests", "ShopNow.UnitTests\ShopNow.UnitTests.csproj", "{3CDDD7B6-0DC4-4417-8888-46818DB2CAED}"
EndProject
Global
	GlobalSection(SolutionConfigurationPlatforms) = preSolution
		Debug|Any CPU = Debug|Any CPU
		Release|Any CPU = Release|Any CPU
	EndGlobalSection
	GlobalSection(ProjectConfigurationPlatforms) = postSolution
		{94A70AE8-48FC-41F4-9434-A9D1F2F02797}.Debug|Any CPU.ActiveCfg = Debug|Any CPU
		{94A70AE8-48FC-41F4-9434-A9D1F2F02797}.Debug|Any CPU.Build.0 = Debug|Any CPU
		{94A70AE8-48FC-41F4-9434-A9D1F2F02797}.Release|Any CPU.ActiveCfg = Release|Any CPU
		{94A70AE8-48FC-41F4-9434-A9D1F2F02797}.Release|Any CPU.Build.0 = Release|Any CPU
		{1B67E9D4-FC5B-4D04-BA6B-0318033CE34B}.Debug|Any CPU.ActiveCfg = Debug|Any CPU
		{1B67E9D4-FC5B-4D04-BA6B-0318033CE34B}.Debug|Any CPU.Build.0 = Debug|Any CPU
		{1B67E9D4-FC5B-4D04-BA6B-0318033CE34B}.Release|Any CPU.ActiveCfg = Release|Any CPU
		{1B67E9D4-FC5B-4D04-BA6B-0318033CE34B}.Release|Any CPU.Build.0 = Release|Any CPU
		{643A0FEF-441E-45D7-ACC6-726D08C8617E}.Debug|Any CPU.ActiveCfg = Debug|Any CPU
		{643A0FEF-441E-45D7-ACC6-726D08C8617E}.Debug|Any CPU.Build.0 = Debug|Any CPU
		{643A0FEF-441E-45D7-ACC6-726D08C8617E}.Release|Any CPU.ActiveCfg = Release|Any CPU
		{643A0FEF-441E-45D7-ACC6-726D08C8617E}.Release|Any CPU.Build.0 = Release|Any CPU
		{FB7996C1-A833-4BE7-87F9-00B5A9E85439}.Debug|Any CPU.ActiveCfg = Debug|Any CPU
		{FB7996C1-A833-4BE7-87F9-00B5A9E85439}.Debug|Any CPU.Build.0 = Debug|Any CPU
		{FB7996C1-A833-4BE7-87F9-00B5A9E85439}.Release|Any CPU.ActiveCfg = Release|Any CPU
		{FB7996C1-A833-4BE7-87F9-00B5A9E85439}.Release|Any CPU.Build.0 = Release|Any CPU
		{3CDDD7B6-0DC4-4417-8888-46818DB2CAED}.Debug|Any CPU.ActiveCfg = Debug|Any CPU
		{3CDDD7B6-0DC4-4417-8888-46818DB2CAED}.Debug|Any CPU.Build.0 = Debug|Any CPU
		{3CDDD7B6-0DC4-4417-8888-46818DB2CAED}.Release|Any CPU.ActiveCfg = Release|Any CPU
		{3CDDD7B6-0DC4-4417-8888-46818DB2CAED}.Release|Any CPU.Build.0 = Release|Any CPU
	EndGlobalSection
	GlobalSection(SolutionProperties) = preSolution
		HideSolutionNode = FALSE
	EndGlobalSection
	GlobalSection(ExtensibilityGlobals) = postSolution
		SolutionGuid = {809845C3-EE49-42D5-A612-5274CDE0CE2C}
	EndGlobalSection
EndGlobal
